// !$*UTF8*$!
{
	archiveVersion = 1;
	classes = {
	};
	objectVersion = 46;
	objects = {

/* Begin PBXBuildFile section */
		BBE676AD80C50DBB09DEF06C /* libPods-iOS Library Trials.a in Frameworks */ = {isa = PBXBuildFile; fileRef = 0D8689C77D838177BAAF5BF4 /* libPods-iOS Library Trials.a */; };
		F785426A1E1651AF00A80628 /* WebNativeLinkViewController.m in Sources */ = {isa = PBXBuildFile; fileRef = F78542691E1651AF00A80628 /* WebNativeLinkViewController.m */; };
		F785426D1E16536900A80628 /* WebpageNativeLink.html in Resources */ = {isa = PBXBuildFile; fileRef = F785426C1E16536900A80628 /* WebpageNativeLink.html */; };
		F7C3CE911E07CA3100930812 /* main.m in Sources */ = {isa = PBXBuildFile; fileRef = F7C3CE901E07CA3100930812 /* main.m */; };
		F7C3CE9A1E07CA3100930812 /* Home.storyboard in Resources */ = {isa = PBXBuildFile; fileRef = F7C3CE981E07CA3100930812 /* Home.storyboard */; };
		F7C3CE9C1E07CA3100930812 /* Assets.xcassets in Resources */ = {isa = PBXBuildFile; fileRef = F7C3CE9B1E07CA3100930812 /* Assets.xcassets */; };
		F7C3CE9F1E07CA3100930812 /* Splash.storyboard in Resources */ = {isa = PBXBuildFile; fileRef = F7C3CE9D1E07CA3100930812 /* Splash.storyboard */; };
		F7C3CEA91E07CBEB00930812 /* AppDelegate.m in Sources */ = {isa = PBXBuildFile; fileRef = F7C3CEA81E07CBEB00930812 /* AppDelegate.m */; };
		F7C3CEB81E07D01800930812 /* BaseViewController.m in Sources */ = {isa = PBXBuildFile; fileRef = F7C3CEB71E07D01800930812 /* BaseViewController.m */; };
		F7C3CEBB1E07D05800930812 /* HomeViewController.m in Sources */ = {isa = PBXBuildFile; fileRef = F7C3CEBA1E07D05800930812 /* HomeViewController.m */; };
		F7C3CEBE1E07D0A800930812 /* Constants.m in Sources */ = {isa = PBXBuildFile; fileRef = F7C3CEBD1E07D0A800930812 /* Constants.m */; };
		F7C3CEC11E07D0F500930812 /* GlobalVariables.m in Sources */ = {isa = PBXBuildFile; fileRef = F7C3CEC01E07D0F500930812 /* GlobalVariables.m */; };
		F7C3CEC41E07D12600930812 /* Utils.m in Sources */ = {isa = PBXBuildFile; fileRef = F7C3CEC31E07D12600930812 /* Utils.m */; };
		F7C3CEC71E07D33900930812 /* Functionality.storyboard in Resources */ = {isa = PBXBuildFile; fileRef = F7C3CEC51E07D33900930812 /* Functionality.storyboard */; };
		F7C3CECD1E07D3D100930812 /* UserInterface.storyboard in Resources */ = {isa = PBXBuildFile; fileRef = F7C3CECB1E07D3D100930812 /* UserInterface.storyboard */; };
		F7C3CED01E07D41900930812 /* BraintreeViewController.m in Sources */ = {isa = PBXBuildFile; fileRef = F7C3CECF1E07D41900930812 /* BraintreeViewController.m */; };
		F7C3CED31E07D47000930812 /* FunctionalityViewController.m in Sources */ = {isa = PBXBuildFile; fileRef = F7C3CED21E07D47000930812 /* FunctionalityViewController.m */; };
		F7C3CED71E07E06300930812 /* WebViewController.m in Sources */ = {isa = PBXBuildFile; fileRef = F7C3CED61E07E06300930812 /* WebViewController.m */; };
		F7D433F71E1E25DA00A7DB2E /* CustomActivityItemProvider.m in Sources */ = {isa = PBXBuildFile; fileRef = F7D433F61E1E25DA00A7DB2E /* CustomActivityItemProvider.m */; };
		F7D433FA1E1E25F100A7DB2E /* SharePerActivityViewController.m in Sources */ = {isa = PBXBuildFile; fileRef = F7D433F91E1E25F100A7DB2E /* SharePerActivityViewController.m */; };
/* End PBXBuildFile section */

/* Begin PBXFileReference section */
		0D8689C77D838177BAAF5BF4 /* libPods-iOS Library Trials.a */ = {isa = PBXFileReference; explicitFileType = archive.ar; includeInIndex = 0; path = "libPods-iOS Library Trials.a"; sourceTree = BUILT_PRODUCTS_DIR; };
		D7FEDF980A532DA2A7A0B287 /* Pods-iOS Library Trials.release.xcconfig */ = {isa = PBXFileReference; includeInIndex = 1; lastKnownFileType = text.xcconfig; name = "Pods-iOS Library Trials.release.xcconfig"; path = "Pods/Target Support Files/Pods-iOS Library Trials/Pods-iOS Library Trials.release.xcconfig"; sourceTree = "<group>"; };
		EF8DE087DD5790F6D2C15509 /* Pods-iOS Library Trials.debug.xcconfig */ = {isa = PBXFileReference; includeInIndex = 1; lastKnownFileType = text.xcconfig; name = "Pods-iOS Library Trials.debug.xcconfig"; path = "Pods/Target Support Files/Pods-iOS Library Trials/Pods-iOS Library Trials.debug.xcconfig"; sourceTree = "<group>"; };
		F78542681E1651AF00A80628 /* WebNativeLinkViewController.h */ = {isa = PBXFileReference; fileEncoding = 4; lastKnownFileType = sourcecode.c.h; name = WebNativeLinkViewController.h; path = Classes/Controllers/WebNativeLinkViewController.h; sourceTree = "<group>"; };
		F78542691E1651AF00A80628 /* WebNativeLinkViewController.m */ = {isa = PBXFileReference; fileEncoding = 4; lastKnownFileType = sourcecode.c.objc; name = WebNativeLinkViewController.m; path = Classes/Controllers/WebNativeLinkViewController.m; sourceTree = "<group>"; };
		F785426C1E16536900A80628 /* WebpageNativeLink.html */ = {isa = PBXFileReference; fileEncoding = 4; lastKnownFileType = text.html; name = WebpageNativeLink.html; path = Resources/HTMLs/WebpageNativeLink.html; sourceTree = "<group>"; };
		F7C3CE8C1E07CA3100930812 /* iOS Library Trials.app */ = {isa = PBXFileReference; explicitFileType = wrapper.application; includeInIndex = 0; path = "iOS Library Trials.app"; sourceTree = BUILT_PRODUCTS_DIR; };
		F7C3CE901E07CA3100930812 /* main.m */ = {isa = PBXFileReference; lastKnownFileType = sourcecode.c.objc; path = main.m; sourceTree = "<group>"; };
		F7C3CE991E07CA3100930812 /* Base */ = {isa = PBXFileReference; lastKnownFileType = file.storyboard; name = Base; path = Base.lproj/Home.storyboard; sourceTree = "<group>"; };
		F7C3CE9B1E07CA3100930812 /* Assets.xcassets */ = {isa = PBXFileReference; lastKnownFileType = folder.assetcatalog; path = Assets.xcassets; sourceTree = "<group>"; };
		F7C3CE9E1E07CA3100930812 /* Base */ = {isa = PBXFileReference; lastKnownFileType = file.storyboard; name = Base; path = Base.lproj/Splash.storyboard; sourceTree = "<group>"; };
		F7C3CEA01E07CA3100930812 /* Info.plist */ = {isa = PBXFileReference; lastKnownFileType = text.plist.xml; path = Info.plist; sourceTree = "<group>"; };
		F7C3CEA71E07CBEB00930812 /* AppDelegate.h */ = {isa = PBXFileReference; fileEncoding = 4; lastKnownFileType = sourcecode.c.h; name = AppDelegate.h; path = Classes/AppDelegate.h; sourceTree = "<group>"; };
		F7C3CEA81E07CBEB00930812 /* AppDelegate.m */ = {isa = PBXFileReference; fileEncoding = 4; lastKnownFileType = sourcecode.c.objc; name = AppDelegate.m; path = Classes/AppDelegate.m; sourceTree = "<group>"; };
		F7C3CEAF1E07CE4400930812 /* iOS Library Trials.entitlements */ = {isa = PBXFileReference; lastKnownFileType = text.plist.entitlements; path = "iOS Library Trials.entitlements"; sourceTree = "<group>"; };
		F7C3CEB31E07CF5D00930812 /* iOSLibraryTrials-Prefix.pch */ = {isa = PBXFileReference; lastKnownFileType = sourcecode.c.h; path = "iOSLibraryTrials-Prefix.pch"; sourceTree = "<group>"; };
		F7C3CEB61E07D01800930812 /* BaseViewController.h */ = {isa = PBXFileReference; fileEncoding = 4; lastKnownFileType = sourcecode.c.h; name = BaseViewController.h; path = Classes/Controllers/BaseViewController.h; sourceTree = "<group>"; };
		F7C3CEB71E07D01800930812 /* BaseViewController.m */ = {isa = PBXFileReference; fileEncoding = 4; lastKnownFileType = sourcecode.c.objc; name = BaseViewController.m; path = Classes/Controllers/BaseViewController.m; sourceTree = "<group>"; };
		F7C3CEB91E07D05800930812 /* HomeViewController.h */ = {isa = PBXFileReference; fileEncoding = 4; lastKnownFileType = sourcecode.c.h; name = HomeViewController.h; path = Classes/Controllers/HomeViewController.h; sourceTree = "<group>"; };
		F7C3CEBA1E07D05800930812 /* HomeViewController.m */ = {isa = PBXFileReference; fileEncoding = 4; lastKnownFileType = sourcecode.c.objc; name = HomeViewController.m; path = Classes/Controllers/HomeViewController.m; sourceTree = "<group>"; };
		F7C3CEBC1E07D0A800930812 /* Constants.h */ = {isa = PBXFileReference; fileEncoding = 4; lastKnownFileType = sourcecode.c.h; name = Constants.h; path = Classes/Helpers/Constants.h; sourceTree = "<group>"; };
		F7C3CEBD1E07D0A800930812 /* Constants.m */ = {isa = PBXFileReference; fileEncoding = 4; lastKnownFileType = sourcecode.c.objc; name = Constants.m; path = Classes/Helpers/Constants.m; sourceTree = "<group>"; };
		F7C3CEBF1E07D0F500930812 /* GlobalVariables.h */ = {isa = PBXFileReference; fileEncoding = 4; lastKnownFileType = sourcecode.c.h; name = GlobalVariables.h; path = Classes/Helpers/GlobalVariables.h; sourceTree = "<group>"; };
		F7C3CEC01E07D0F500930812 /* GlobalVariables.m */ = {isa = PBXFileReference; fileEncoding = 4; lastKnownFileType = sourcecode.c.objc; name = GlobalVariables.m; path = Classes/Helpers/GlobalVariables.m; sourceTree = "<group>"; };
		F7C3CEC21E07D12600930812 /* Utils.h */ = {isa = PBXFileReference; fileEncoding = 4; lastKnownFileType = sourcecode.c.h; name = Utils.h; path = Classes/Helpers/Utils.h; sourceTree = "<group>"; };
		F7C3CEC31E07D12600930812 /* Utils.m */ = {isa = PBXFileReference; fileEncoding = 4; lastKnownFileType = sourcecode.c.objc; name = Utils.m; path = Classes/Helpers/Utils.m; sourceTree = "<group>"; };
		F7C3CEC61E07D33900930812 /* Base */ = {isa = PBXFileReference; lastKnownFileType = file.storyboard; name = Base; path = Base.lproj/Functionality.storyboard; sourceTree = "<group>"; };
		F7C3CECC1E07D3D100930812 /* Base */ = {isa = PBXFileReference; lastKnownFileType = file.storyboard; name = Base; path = Base.lproj/UserInterface.storyboard; sourceTree = "<group>"; };
		F7C3CECE1E07D41900930812 /* BraintreeViewController.h */ = {isa = PBXFileReference; fileEncoding = 4; lastKnownFileType = sourcecode.c.h; name = BraintreeViewController.h; path = Classes/Controllers/BraintreeViewController.h; sourceTree = "<group>"; };
		F7C3CECF1E07D41900930812 /* BraintreeViewController.m */ = {isa = PBXFileReference; fileEncoding = 4; lastKnownFileType = sourcecode.c.objc; name = BraintreeViewController.m; path = Classes/Controllers/BraintreeViewController.m; sourceTree = "<group>"; };
		F7C3CED11E07D47000930812 /* FunctionalityViewController.h */ = {isa = PBXFileReference; fileEncoding = 4; lastKnownFileType = sourcecode.c.h; name = FunctionalityViewController.h; path = Classes/Controllers/FunctionalityViewController.h; sourceTree = "<group>"; };
		F7C3CED21E07D47000930812 /* FunctionalityViewController.m */ = {isa = PBXFileReference; fileEncoding = 4; lastKnownFileType = sourcecode.c.objc; name = FunctionalityViewController.m; path = Classes/Controllers/FunctionalityViewController.m; sourceTree = "<group>"; };
		F7C3CED51E07E06300930812 /* WebViewController.h */ = {isa = PBXFileReference; fileEncoding = 4; lastKnownFileType = sourcecode.c.h; name = WebViewController.h; path = Classes/Controllers/WebViewController.h; sourceTree = "<group>"; };
		F7C3CED61E07E06300930812 /* WebViewController.m */ = {isa = PBXFileReference; fileEncoding = 4; lastKnownFileType = sourcecode.c.objc; name = WebViewController.m; path = Classes/Controllers/WebViewController.m; sourceTree = "<group>"; };
		F7D433F51E1E25DA00A7DB2E /* CustomActivityItemProvider.h */ = {isa = PBXFileReference; fileEncoding = 4; lastKnownFileType = sourcecode.c.h; name = CustomActivityItemProvider.h; path = Classes/Controllers/CustomActivityItemProvider.h; sourceTree = "<group>"; };
		F7D433F61E1E25DA00A7DB2E /* CustomActivityItemProvider.m */ = {isa = PBXFileReference; fileEncoding = 4; lastKnownFileType = sourcecode.c.objc; name = CustomActivityItemProvider.m; path = Classes/Controllers/CustomActivityItemProvider.m; sourceTree = "<group>"; };
		F7D433F81E1E25F100A7DB2E /* SharePerActivityViewController.h */ = {isa = PBXFileReference; fileEncoding = 4; lastKnownFileType = sourcecode.c.h; name = SharePerActivityViewController.h; path = Classes/Controllers/SharePerActivityViewController.h; sourceTree = "<group>"; };
		F7D433F91E1E25F100A7DB2E /* SharePerActivityViewController.m */ = {isa = PBXFileReference; fileEncoding = 4; lastKnownFileType = sourcecode.c.objc; name = SharePerActivityViewController.m; path = Classes/Controllers/SharePerActivityViewController.m; sourceTree = "<group>"; };
/* End PBXFileReference section */

/* Begin PBXFrameworksBuildPhase section */
		F7C3CE891E07CA3100930812 /* Frameworks */ = {
			isa = PBXFrameworksBuildPhase;
			buildActionMask = 2147483647;
			files = (
				BBE676AD80C50DBB09DEF06C /* libPods-iOS Library Trials.a in Frameworks */,
			);
			runOnlyForDeploymentPostprocessing = 0;
		};
/* End PBXFrameworksBuildPhase section */

/* Begin PBXGroup section */
		32F7E2100292E3E9EF089EBD /* Frameworks */ = {
			isa = PBXGroup;
			children = (
				0D8689C77D838177BAAF5BF4 /* libPods-iOS Library Trials.a */,
			);
			name = Frameworks;
			sourceTree = "<group>";
		};
		E382DE6D148E07CA87A8518C /* Pods */ = {
			isa = PBXGroup;
			children = (
				EF8DE087DD5790F6D2C15509 /* Pods-iOS Library Trials.debug.xcconfig */,
				D7FEDF980A532DA2A7A0B287 /* Pods-iOS Library Trials.release.xcconfig */,
			);
			name = Pods;
			sourceTree = "<group>";
		};
		F78542671E16503900A80628 /* WebpageNativeLink */ = {
			isa = PBXGroup;
			children = (
				F78542681E1651AF00A80628 /* WebNativeLinkViewController.h */,
				F78542691E1651AF00A80628 /* WebNativeLinkViewController.m */,
			);
			name = WebpageNativeLink;
			sourceTree = "<group>";
		};
		F785426B1E16535F00A80628 /* HTMLs */ = {
			isa = PBXGroup;
			children = (
				F785426C1E16536900A80628 /* WebpageNativeLink.html */,
			);
			name = HTMLs;
			sourceTree = "<group>";
		};
		F7C3CE831E07CA3100930812 = {
			isa = PBXGroup;
			children = (
				F7C3CE8E1E07CA3100930812 /* iOS Library Trials */,
				F7C3CE8D1E07CA3100930812 /* Products */,
				E382DE6D148E07CA87A8518C /* Pods */,
				32F7E2100292E3E9EF089EBD /* Frameworks */,
			);
			sourceTree = "<group>";
		};
		F7C3CE8D1E07CA3100930812 /* Products */ = {
			isa = PBXGroup;
			children = (
				F7C3CE8C1E07CA3100930812 /* iOS Library Trials.app */,
			);
			name = Products;
			sourceTree = "<group>";
		};
		F7C3CE8E1E07CA3100930812 /* iOS Library Trials */ = {
			isa = PBXGroup;
			children = (
				F7C3CEA61E07CBE000930812 /* Classes */,
				F7C3CEB01E07CEC900930812 /* Storyboards */,
				F7C3CEB11E07CED400930812 /* Resources */,
				F7C3CEA01E07CA3100930812 /* Info.plist */,
				F7C3CE8F1E07CA3100930812 /* Supporting Files */,
			);
			path = "iOS Library Trials";
			sourceTree = "<group>";
		};
		F7C3CE8F1E07CA3100930812 /* Supporting Files */ = {
			isa = PBXGroup;
			children = (
				F7C3CEB31E07CF5D00930812 /* iOSLibraryTrials-Prefix.pch */,
				F7C3CEAF1E07CE4400930812 /* iOS Library Trials.entitlements */,
				F7C3CE901E07CA3100930812 /* main.m */,
			);
			name = "Supporting Files";
			sourceTree = "<group>";
		};
		F7C3CEA61E07CBE000930812 /* Classes */ = {
			isa = PBXGroup;
			children = (
				F7C3CEA71E07CBEB00930812 /* AppDelegate.h */,
				F7C3CEA81E07CBEB00930812 /* AppDelegate.m */,
				F7C3CEAA1E07CBF000930812 /* Controllers */,
				F7C3CEAB1E07CBF500930812 /* Helpers */,
				F7C3CEAE1E07CC0400930812 /* Libraries */,
				F7C3CEAD1E07CBFE00930812 /* Models */,
				F7C3CEAC1E07CBFB00930812 /* Views */,
			);
			name = Classes;
			sourceTree = "<group>";
		};
		F7C3CEAA1E07CBF000930812 /* Controllers */ = {
			isa = PBXGroup;
			children = (
				F7C3CEB41E07CFFE00930812 /* Core */,
				F7C3CEB51E07D00100930812 /* Home */,
				F7C3CEC81E07D37A00930812 /* Functionality */,
				F7C3CECA1E07D3AC00930812 /* UserInterface */,
			);
			name = Controllers;
			sourceTree = "<group>";
		};
		F7C3CEAB1E07CBF500930812 /* Helpers */ = {
			isa = PBXGroup;
			children = (
				F7C3CEBC1E07D0A800930812 /* Constants.h */,
				F7C3CEBD1E07D0A800930812 /* Constants.m */,
				F7C3CEBF1E07D0F500930812 /* GlobalVariables.h */,
				F7C3CEC01E07D0F500930812 /* GlobalVariables.m */,
				F7C3CEC21E07D12600930812 /* Utils.h */,
				F7C3CEC31E07D12600930812 /* Utils.m */,
			);
			name = Helpers;
			sourceTree = "<group>";
		};
		F7C3CEAC1E07CBFB00930812 /* Views */ = {
			isa = PBXGroup;
			children = (
			);
			name = Views;
			sourceTree = "<group>";
		};
		F7C3CEAD1E07CBFE00930812 /* Models */ = {
			isa = PBXGroup;
			children = (
			);
			name = Models;
			sourceTree = "<group>";
		};
		F7C3CEAE1E07CC0400930812 /* Libraries */ = {
			isa = PBXGroup;
			children = (
			);
			name = Libraries;
			sourceTree = "<group>";
		};
		F7C3CEB01E07CEC900930812 /* Storyboards */ = {
			isa = PBXGroup;
			children = (
				F7C3CE9D1E07CA3100930812 /* Splash.storyboard */,
				F7C3CE981E07CA3100930812 /* Home.storyboard */,
				F7C3CEC51E07D33900930812 /* Functionality.storyboard */,
				F7C3CECB1E07D3D100930812 /* UserInterface.storyboard */,
			);
			name = Storyboards;
			sourceTree = "<group>";
		};
		F7C3CEB11E07CED400930812 /* Resources */ = {
			isa = PBXGroup;
			children = (
				F785426B1E16535F00A80628 /* HTMLs */,
				F7C3CEB21E07CEDE00930812 /* Images */,
			);
			name = Resources;
			sourceTree = "<group>";
		};
		F7C3CEB21E07CEDE00930812 /* Images */ = {
			isa = PBXGroup;
			children = (
				F7C3CE9B1E07CA3100930812 /* Assets.xcassets */,
			);
			name = Images;
			sourceTree = "<group>";
		};
		F7C3CEB41E07CFFE00930812 /* Core */ = {
			isa = PBXGroup;
			children = (
				F7C3CEB61E07D01800930812 /* BaseViewController.h */,
				F7C3CEB71E07D01800930812 /* BaseViewController.m */,
			);
			name = Core;
			sourceTree = "<group>";
		};
		F7C3CEB51E07D00100930812 /* Home */ = {
			isa = PBXGroup;
			children = (
				F7C3CEB91E07D05800930812 /* HomeViewController.h */,
				F7C3CEBA1E07D05800930812 /* HomeViewController.m */,
			);
			name = Home;
			sourceTree = "<group>";
		};
		F7C3CEC81E07D37A00930812 /* Functionality */ = {
			isa = PBXGroup;
			children = (
				F7C3CED11E07D47000930812 /* FunctionalityViewController.h */,
				F7C3CED21E07D47000930812 /* FunctionalityViewController.m */,
				F7C3CED41E07E00000930812 /* WebpageDisplay */,
				F7C3CEC91E07D38600930812 /* Braintree */,
				F78542671E16503900A80628 /* WebpageNativeLink */,
				F7D433F11E1E233E00A7DB2E /* SharePerActivityType */,
			);
			name = Functionality;
			sourceTree = "<group>";
		};
		F7C3CEC91E07D38600930812 /* Braintree */ = {
			isa = PBXGroup;
			children = (
				F7C3CECE1E07D41900930812 /* BraintreeViewController.h */,
				F7C3CECF1E07D41900930812 /* BraintreeViewController.m */,
			);
			name = Braintree;
			sourceTree = "<group>";
		};
		F7C3CECA1E07D3AC00930812 /* UserInterface */ = {
			isa = PBXGroup;
			children = (
			);
			name = UserInterface;
			sourceTree = "<group>";
		};
		F7C3CED41E07E00000930812 /* WebpageDisplay */ = {
			isa = PBXGroup;
			children = (
				F7C3CED51E07E06300930812 /* WebViewController.h */,
				F7C3CED61E07E06300930812 /* WebViewController.m */,
			);
			name = WebpageDisplay;
			sourceTree = "<group>";
		};
		F7D433F11E1E233E00A7DB2E /* SharePerActivityType */ = {
			isa = PBXGroup;
			children = (
				F7D433F81E1E25F100A7DB2E /* SharePerActivityViewController.h */,
				F7D433F91E1E25F100A7DB2E /* SharePerActivityViewController.m */,
				F7D433F51E1E25DA00A7DB2E /* CustomActivityItemProvider.h */,
				F7D433F61E1E25DA00A7DB2E /* CustomActivityItemProvider.m */,
			);
			name = SharePerActivityType;
			sourceTree = "<group>";
		};
/* End PBXGroup section */

/* Begin PBXNativeTarget section */
		F7C3CE8B1E07CA3100930812 /* iOS Library Trials */ = {
			isa = PBXNativeTarget;
			buildConfigurationList = F7C3CEA31E07CA3100930812 /* Build configuration list for PBXNativeTarget "iOS Library Trials" */;
			buildPhases = (
				B8AEE4BE22AF606F9C13B18D /* 📦 Check Pods Manifest.lock */,
				F7C3CE881E07CA3100930812 /* Sources */,
				F7C3CE891E07CA3100930812 /* Frameworks */,
				F7C3CE8A1E07CA3100930812 /* Resources */,
				FD146A22A8F0B69F11566366 /* 📦 Embed Pods Frameworks */,
				7EF4A27555E452F70D84462C /* 📦 Copy Pods Resources */,
			);
			buildRules = (
			);
			dependencies = (
			);
			name = "iOS Library Trials";
			productName = "iOS Library Trials";
			productReference = F7C3CE8C1E07CA3100930812 /* iOS Library Trials.app */;
			productType = "com.apple.product-type.application";
		};
/* End PBXNativeTarget section */

/* Begin PBXProject section */
		F7C3CE841E07CA3100930812 /* Project object */ = {
			isa = PBXProject;
			attributes = {
				LastUpgradeCheck = 0820;
				ORGANIZATIONNAME = "Vea Novenario";
				TargetAttributes = {
					F7C3CE8B1E07CA3100930812 = {
						CreatedOnToolsVersion = 8.2;
						DevelopmentTeam = TRQW64F727;
						ProvisioningStyle = Automatic;
						SystemCapabilities = {
							com.apple.Push = {
								enabled = 1;
							};
						};
					};
				};
			};
			buildConfigurationList = F7C3CE871E07CA3100930812 /* Build configuration list for PBXProject "iOS Library Trials" */;
			compatibilityVersion = "Xcode 3.2";
			developmentRegion = English;
			hasScannedForEncodings = 0;
			knownRegions = (
				en,
				Base,
			);
			mainGroup = F7C3CE831E07CA3100930812;
			productRefGroup = F7C3CE8D1E07CA3100930812 /* Products */;
			projectDirPath = "";
			projectRoot = "";
			targets = (
				F7C3CE8B1E07CA3100930812 /* iOS Library Trials */,
			);
		};
/* End PBXProject section */

/* Begin PBXResourcesBuildPhase section */
		F7C3CE8A1E07CA3100930812 /* Resources */ = {
			isa = PBXResourcesBuildPhase;
			buildActionMask = 2147483647;
			files = (
				F7C3CEC71E07D33900930812 /* Functionality.storyboard in Resources */,
				F7C3CE9F1E07CA3100930812 /* Splash.storyboard in Resources */,
				F7C3CE9C1E07CA3100930812 /* Assets.xcassets in Resources */,
				F785426D1E16536900A80628 /* WebpageNativeLink.html in Resources */,
				F7C3CECD1E07D3D100930812 /* UserInterface.storyboard in Resources */,
				F7C3CE9A1E07CA3100930812 /* Home.storyboard in Resources */,
			);
			runOnlyForDeploymentPostprocessing = 0;
		};
/* End PBXResourcesBuildPhase section */

/* Begin PBXShellScriptBuildPhase section */
		7EF4A27555E452F70D84462C /* 📦 Copy Pods Resources */ = {
			isa = PBXShellScriptBuildPhase;
			buildActionMask = 2147483647;
			files = (
			);
			inputPaths = (
			);
			name = "📦 Copy Pods Resources";
			outputPaths = (
			);
			runOnlyForDeploymentPostprocessing = 0;
			shellPath = /bin/sh;
			shellScript = "\"${SRCROOT}/Pods/Target Support Files/Pods-iOS Library Trials/Pods-iOS Library Trials-resources.sh\"\n";
			showEnvVarsInLog = 0;
		};
		B8AEE4BE22AF606F9C13B18D /* 📦 Check Pods Manifest.lock */ = {
			isa = PBXShellScriptBuildPhase;
			buildActionMask = 2147483647;
			files = (
			);
			inputPaths = (
			);
			name = "📦 Check Pods Manifest.lock";
			outputPaths = (
			);
			runOnlyForDeploymentPostprocessing = 0;
			shellPath = /bin/sh;
			shellScript = "diff \"${PODS_ROOT}/../Podfile.lock\" \"${PODS_ROOT}/Manifest.lock\" > /dev/null\nif [[ $? != 0 ]] ; then\n    cat << EOM\nerror: The sandbox is not in sync with the Podfile.lock. Run 'pod install' or update your CocoaPods installation.\nEOM\n    exit 1\nfi\n";
			showEnvVarsInLog = 0;
		};
		FD146A22A8F0B69F11566366 /* 📦 Embed Pods Frameworks */ = {
			isa = PBXShellScriptBuildPhase;
			buildActionMask = 2147483647;
			files = (
			);
			inputPaths = (
			);
			name = "📦 Embed Pods Frameworks";
			outputPaths = (
			);
			runOnlyForDeploymentPostprocessing = 0;
			shellPath = /bin/sh;
			shellScript = "\"${SRCROOT}/Pods/Target Support Files/Pods-iOS Library Trials/Pods-iOS Library Trials-frameworks.sh\"\n";
			showEnvVarsInLog = 0;
		};
/* End PBXShellScriptBuildPhase section */

/* Begin PBXSourcesBuildPhase section */
		F7C3CE881E07CA3100930812 /* Sources */ = {
			isa = PBXSourcesBuildPhase;
			buildActionMask = 2147483647;
			files = (
				F7C3CEC11E07D0F500930812 /* GlobalVariables.m in Sources */,
				F7C3CED71E07E06300930812 /* WebViewController.m in Sources */,
				F785426A1E1651AF00A80628 /* WebNativeLinkViewController.m in Sources */,
				F7C3CEBE1E07D0A800930812 /* Constants.m in Sources */,
				F7C3CEA91E07CBEB00930812 /* AppDelegate.m in Sources */,
				F7D433F71E1E25DA00A7DB2E /* CustomActivityItemProvider.m in Sources */,
				F7C3CEB81E07D01800930812 /* BaseViewController.m in Sources */,
				F7C3CED31E07D47000930812 /* FunctionalityViewController.m in Sources */,
				F7C3CE911E07CA3100930812 /* main.m in Sources */,
				F7D433FA1E1E25F100A7DB2E /* SharePerActivityViewController.m in Sources */,
				F7C3CEC41E07D12600930812 /* Utils.m in Sources */,
				F7C3CEBB1E07D05800930812 /* HomeViewController.m in Sources */,
				F7C3CED01E07D41900930812 /* BraintreeViewController.m in Sources */,
			);
			runOnlyForDeploymentPostprocessing = 0;
		};
/* End PBXSourcesBuildPhase section */

/* Begin PBXVariantGroup section */
		F7C3CE981E07CA3100930812 /* Home.storyboard */ = {
			isa = PBXVariantGroup;
			children = (
				F7C3CE991E07CA3100930812 /* Base */,
			);
			name = Home.storyboard;
			sourceTree = "<group>";
		};
		F7C3CE9D1E07CA3100930812 /* Splash.storyboard */ = {
			isa = PBXVariantGroup;
			children = (
				F7C3CE9E1E07CA3100930812 /* Base */,
			);
			name = Splash.storyboard;
			sourceTree = "<group>";
		};
		F7C3CEC51E07D33900930812 /* Functionality.storyboard */ = {
			isa = PBXVariantGroup;
			children = (
				F7C3CEC61E07D33900930812 /* Base */,
			);
			name = Functionality.storyboard;
			sourceTree = "<group>";
		};
		F7C3CECB1E07D3D100930812 /* UserInterface.storyboard */ = {
			isa = PBXVariantGroup;
			children = (
				F7C3CECC1E07D3D100930812 /* Base */,
			);
			name = UserInterface.storyboard;
			sourceTree = "<group>";
		};
/* End PBXVariantGroup section */

/* Begin XCBuildConfiguration section */
		F7C3CEA11E07CA3100930812 /* Debug */ = {
			isa = XCBuildConfiguration;
			buildSettings = {
				ALWAYS_SEARCH_USER_PATHS = NO;
				CLANG_ANALYZER_NONNULL = YES;
				CLANG_CXX_LANGUAGE_STANDARD = "gnu++0x";
				CLANG_CXX_LIBRARY = "libc++";
				CLANG_ENABLE_MODULES = YES;
				CLANG_ENABLE_OBJC_ARC = YES;
				CLANG_WARN_BOOL_CONVERSION = YES;
				CLANG_WARN_CONSTANT_CONVERSION = YES;
				CLANG_WARN_DIRECT_OBJC_ISA_USAGE = YES_ERROR;
				CLANG_WARN_DOCUMENTATION_COMMENTS = YES;
				CLANG_WARN_EMPTY_BODY = YES;
				CLANG_WARN_ENUM_CONVERSION = YES;
				CLANG_WARN_INFINITE_RECURSION = YES;
				CLANG_WARN_INT_CONVERSION = YES;
				CLANG_WARN_OBJC_ROOT_CLASS = YES_ERROR;
				CLANG_WARN_SUSPICIOUS_MOVE = YES;
				CLANG_WARN_UNREACHABLE_CODE = YES;
				CLANG_WARN__DUPLICATE_METHOD_MATCH = YES;
				"CODE_SIGN_IDENTITY[sdk=iphoneos*]" = "iPhone Developer";
				COPY_PHASE_STRIP = NO;
				DEBUG_INFORMATION_FORMAT = dwarf;
				ENABLE_STRICT_OBJC_MSGSEND = YES;
				ENABLE_TESTABILITY = YES;
				GCC_C_LANGUAGE_STANDARD = gnu99;
				GCC_DYNAMIC_NO_PIC = NO;
				GCC_NO_COMMON_BLOCKS = YES;
				GCC_OPTIMIZATION_LEVEL = 0;
				GCC_PREPROCESSOR_DEFINITIONS = (
					"DEBUG=1",
					"$(inherited)",
				);
				GCC_WARN_64_TO_32_BIT_CONVERSION = YES;
				GCC_WARN_ABOUT_RETURN_TYPE = YES_ERROR;
				GCC_WARN_UNDECLARED_SELECTOR = YES;
				GCC_WARN_UNINITIALIZED_AUTOS = YES_AGGRESSIVE;
				GCC_WARN_UNUSED_FUNCTION = YES;
				GCC_WARN_UNUSED_VARIABLE = YES;
				IPHONEOS_DEPLOYMENT_TARGET = 10.2;
				MTL_ENABLE_DEBUG_INFO = YES;
				ONLY_ACTIVE_ARCH = YES;
				SDKROOT = iphoneos;
				TARGETED_DEVICE_FAMILY = "1,2";
			};
			name = Debug;
		};
		F7C3CEA21E07CA3100930812 /* Release */ = {
			isa = XCBuildConfiguration;
			buildSettings = {
				ALWAYS_SEARCH_USER_PATHS = NO;
				CLANG_ANALYZER_NONNULL = YES;
				CLANG_CXX_LANGUAGE_STANDARD = "gnu++0x";
				CLANG_CXX_LIBRARY = "libc++";
				CLANG_ENABLE_MODULES = YES;
				CLANG_ENABLE_OBJC_ARC = YES;
				CLANG_WARN_BOOL_CONVERSION = YES;
				CLANG_WARN_CONSTANT_CONVERSION = YES;
				CLANG_WARN_DIRECT_OBJC_ISA_USAGE = YES_ERROR;
				CLANG_WARN_DOCUMENTATION_COMMENTS = YES;
				CLANG_WARN_EMPTY_BODY = YES;
				CLANG_WARN_ENUM_CONVERSION = YES;
				CLANG_WARN_INFINITE_RECURSION = YES;
				CLANG_WARN_INT_CONVERSION = YES;
				CLANG_WARN_OBJC_ROOT_CLASS = YES_ERROR;
				CLANG_WARN_SUSPICIOUS_MOVE = YES;
				CLANG_WARN_UNREACHABLE_CODE = YES;
				CLANG_WARN__DUPLICATE_METHOD_MATCH = YES;
				"CODE_SIGN_IDENTITY[sdk=iphoneos*]" = "iPhone Developer";
				COPY_PHASE_STRIP = NO;
				DEBUG_INFORMATION_FORMAT = "dwarf-with-dsym";
				ENABLE_NS_ASSERTIONS = NO;
				ENABLE_STRICT_OBJC_MSGSEND = YES;
				GCC_C_LANGUAGE_STANDARD = gnu99;
				GCC_NO_COMMON_BLOCKS = YES;
				GCC_WARN_64_TO_32_BIT_CONVERSION = YES;
				GCC_WARN_ABOUT_RETURN_TYPE = YES_ERROR;
				GCC_WARN_UNDECLARED_SELECTOR = YES;
				GCC_WARN_UNINITIALIZED_AUTOS = YES_AGGRESSIVE;
				GCC_WARN_UNUSED_FUNCTION = YES;
				GCC_WARN_UNUSED_VARIABLE = YES;
				IPHONEOS_DEPLOYMENT_TARGET = 10.2;
				MTL_ENABLE_DEBUG_INFO = NO;
				SDKROOT = iphoneos;
				TARGETED_DEVICE_FAMILY = "1,2";
				VALIDATE_PRODUCT = YES;
			};
			name = Release;
		};
		F7C3CEA41E07CA3100930812 /* Debug */ = {
			isa = XCBuildConfiguration;
			baseConfigurationReference = EF8DE087DD5790F6D2C15509 /* Pods-iOS Library Trials.debug.xcconfig */;
			buildSettings = {
				ASSETCATALOG_COMPILER_APPICON_NAME = AppIcon;
				CODE_SIGN_ENTITLEMENTS = "iOS Library Trials/iOS Library Trials.entitlements";
				DEVELOPMENT_TEAM = TRQW64F727;
				GCC_PREFIX_HEADER = "$(SRCROOT)/iOS Library Trials/iOSLibraryTrials-Prefix.pch";
				INFOPLIST_FILE = "iOS Library Trials/Info.plist";
				IPHONEOS_DEPLOYMENT_TARGET = 9.0;
				LD_RUNPATH_SEARCH_PATHS = "$(inherited) @executable_path/Frameworks";
				PRODUCT_BUNDLE_IDENTIFIER = com.vea.ioslibrarytrials;
				PRODUCT_NAME = "$(TARGET_NAME)";
			};
			name = Debug;
		};
		F7C3CEA51E07CA3100930812 /* Release */ = {
			isa = XCBuildConfiguration;
			baseConfigurationReference = D7FEDF980A532DA2A7A0B287 /* Pods-iOS Library Trials.release.xcconfig */;
			buildSettings = {
				ASSETCATALOG_COMPILER_APPICON_NAME = AppIcon;
				CODE_SIGN_ENTITLEMENTS = "iOS Library Trials/iOS Library Trials.entitlements";
				DEVELOPMENT_TEAM = TRQW64F727;
				GCC_PREFIX_HEADER = "$(SRCROOT)/iOS Library Trials/iOSLibraryTrials-Prefix.pch";
				INFOPLIST_FILE = "iOS Library Trials/Info.plist";
				IPHONEOS_DEPLOYMENT_TARGET = 9.0;
				LD_RUNPATH_SEARCH_PATHS = "$(inherited) @executable_path/Frameworks";
				PRODUCT_BUNDLE_IDENTIFIER = com.vea.ioslibrarytrials;
				PRODUCT_NAME = "$(TARGET_NAME)";
			};
			name = Release;
		};
/* End XCBuildConfiguration section */

/* Begin XCConfigurationList section */
		F7C3CE871E07CA3100930812 /* Build configuration list for PBXProject "iOS Library Trials" */ = {
			isa = XCConfigurationList;
			buildConfigurations = (
				F7C3CEA11E07CA3100930812 /* Debug */,
				F7C3CEA21E07CA3100930812 /* Release */,
			);
			defaultConfigurationIsVisible = 0;
			defaultConfigurationName = Release;
		};
		F7C3CEA31E07CA3100930812 /* Build configuration list for PBXNativeTarget "iOS Library Trials" */ = {
			isa = XCConfigurationList;
			buildConfigurations = (
				F7C3CEA41E07CA3100930812 /* Debug */,
				F7C3CEA51E07CA3100930812 /* Release */,
			);
			defaultConfigurationIsVisible = 0;
			defaultConfigurationName = Release;
		};
/* End XCConfigurationList section */
	};
	rootObject = F7C3CE841E07CA3100930812 /* Project object */;
}
